hash: b10bd483b3f78ba6ca3729ac8bb0149d237db3308699a40bb429fb786f8ba229
updated: 2016-06-25T00:25:39.42024594-03:00
imports:
- name: github.com/jinzhu/gorm
  version: 321d10b67b7218c5cf3bebc0c01fc8c4536c2bc7
- name: github.com/jinzhu/inflection
  version: 3272df6c21d04180007eb3349844c89a3856bc25
- name: github.com/lib/pq
  version: 4dd446efc17690bc53e154025146f73203b18309
  subpackages:
  - hstore
devImports: []
